
Microsoft Visual Studio Solution File, Format Version 12.00
# Visual Studio Version 16
VisualStudioVersion = 16.0.31424.327
MinimumVisualStudioVersion = 10.0.40219.1
Project("{FAE04EC0-301F-11D3-BF4B-00C04F79EFBC}") = "PublishClient", "PublishClient\PublishClient.csproj", "{0DCFFDE1-E561-4347-BC09-1757EF22D462}"
EndProject
Global
	GlobalSection(SolutionConfigurationPlatforms) = preSolution
		Debug|Any CPU = Debug|Any CPU
		Release|Any CPU = Release|Any CPU
	EndGlobalSection
	GlobalSection(ProjectConfigurationPlatforms) = postSolution
		{0DCFFDE1-E561-4347-BC09-1757EF22D462}.Debug|Any CPU.ActiveCfg = Debug|Any CPU
		{0DCFFDE1-E561-4347-BC09-1757EF22D462}.Debug|Any CPU.Build.0 = Debug|Any CPU
		{0DCFFDE1-E561-4347-BC09-1757EF22D462}.Release|Any CPU.ActiveCfg = Release|Any CPU
		{0DCFFDE1-E561-4347-BC09-1757EF22D462}.Release|Any CPU.Build.0 = Release|Any CPU
	EndGlobalSection
	GlobalSection(SolutionProperties) = preSolution
		HideSolutionNode = FALSE
	EndGlobalSection
	GlobalSection(ExtensibilityGlobals) = postSolution
		SolutionGuid = {5B189146-A1EA-4F8C-AC91-01E2A71F76D5}
	EndGlobalSection
EndGlobal
